
Microsoft Visual Studio Solution File, Format Version 12.00
# Visual Studio Version 17
VisualStudioVersion = 17.1.32328.378
MinimumVisualStudioVersion = 10.0.40219.1
Project("{FAE04EC0-301F-11D3-BF4B-00C04F79EFBC}") = "prime", "prime\prime.csproj", "{D2D06196-B1FB-4D6A-8509-28C595B450FC}"
EndProject
Global
	GlobalSection(SolutionConfigurationPlatforms) = preSolution
		Debug|Any CPU = Debug|Any CPU
		Release|Any CPU = Release|Any CPU
	EndGlobalSection
	GlobalSection(ProjectConfigurationPlatforms) = postSolution
		{D2D06196-B1FB-4D6A-8509-28C595B450FC}.Debug|Any CPU.ActiveCfg = Debug|Any CPU
		{D2D06196-B1FB-4D6A-8509-28C595B450FC}.Debug|Any CPU.Build.0 = Debug|Any CPU
		{D2D06196-B1FB-4D6A-8509-28C595B450FC}.Release|Any CPU.ActiveCfg = Release|Any CPU
		{D2D06196-B1FB-4D6A-8509-28C595B450FC}.Release|Any CPU.Build.0 = Release|Any CPU
	EndGlobalSection
	GlobalSection(SolutionProperties) = preSolution
		HideSolutionNode = FALSE
	EndGlobalSection
	GlobalSection(ExtensibilityGlobals) = postSolution
		SolutionGuid = {B903CFDB-43B8-4804-9354-8FE58A7D577C}
	EndGlobalSection
EndGlobal
